// !$*UTF8*$!
{
	archiveVersion = 1;
	classes = {
	};
	objectVersion = 51;
	objects = {

/* Begin PBXBuildFile section */
		180735A2263B040B00DD4C89 /* PhotoViewModel.swift in Sources */ = {isa = PBXBuildFile; fileRef = 180735A1263B040B00DD4C89 /* PhotoViewModel.swift */; };
		180735A6263B0F2100DD4C89 /* Photo.swift in Sources */ = {isa = PBXBuildFile; fileRef = 180735A5263B0F2100DD4C89 /* Photo.swift */; };
		180735AA263B0FB600DD4C89 /* ViewControllerMVVM.swift in Sources */ = {isa = PBXBuildFile; fileRef = 180735A9263B0FB600DD4C89 /* ViewControllerMVVM.swift */; };
		180735AD263B11D000DD4C89 /* APIService.swift in Sources */ = {isa = PBXBuildFile; fileRef = 180735AC263B11D000DD4C89 /* APIService.swift */; };
		180735B0263B1F4100DD4C89 /* PhotoCollectionViewDataSource.swift in Sources */ = {isa = PBXBuildFile; fileRef = 180735AF263B1F4100DD4C89 /* PhotoCollectionViewDataSource.swift */; };
		181E5B29262FFC460010C4D9 /* AppDelegate.swift in Sources */ = {isa = PBXBuildFile; fileRef = 181E5B28262FFC460010C4D9 /* AppDelegate.swift */; };
		181E5B2B262FFC460010C4D9 /* SceneDelegate.swift in Sources */ = {isa = PBXBuildFile; fileRef = 181E5B2A262FFC460010C4D9 /* SceneDelegate.swift */; };
		181E5B2D262FFC460010C4D9 /* ViewController.swift in Sources */ = {isa = PBXBuildFile; fileRef = 181E5B2C262FFC460010C4D9 /* ViewController.swift */; };
		181E5B30262FFC460010C4D9 /* Main.storyboard in Resources */ = {isa = PBXBuildFile; fileRef = 181E5B2E262FFC460010C4D9 /* Main.storyboard */; };
		181E5B32262FFC5F0010C4D9 /* Assets.xcassets in Resources */ = {isa = PBXBuildFile; fileRef = 181E5B31262FFC5F0010C4D9 /* Assets.xcassets */; };
		181E5B35262FFC5F0010C4D9 /* LaunchScreen.storyboard in Resources */ = {isa = PBXBuildFile; fileRef = 181E5B33262FFC5F0010C4D9 /* LaunchScreen.storyboard */; };
		181E5B3E262FFE3A0010C4D9 /* SelectedPhotoCell.swift in Sources */ = {isa = PBXBuildFile; fileRef = 181E5B3D262FFE3A0010C4D9 /* SelectedPhotoCell.swift */; };
		181E5B41262FFEA20010C4D9 /* PhotoCollectionViewCell.swift in Sources */ = {isa = PBXBuildFile; fileRef = 181E5B40262FFEA20010C4D9 /* PhotoCollectionViewCell.swift */; };
		185B4DE62638455E0059935C /* Model.swift in Sources */ = {isa = PBXBuildFile; fileRef = 185B4DE52638455E0059935C /* Model.swift */; };
		185B4E3F2638805F0059935C /* GoogleService-Info.plist in Resources */ = {isa = PBXBuildFile; fileRef = 185B4E3E2638805F0059935C /* GoogleService-Info.plist */; };
		8425F4683CAA1A438847B19C /* Pods_PhotoLoader.framework in Frameworks */ = {isa = PBXBuildFile; fileRef = 522BBAFD762DCEF073584516 /* Pods_PhotoLoader.framework */; };
/* End PBXBuildFile section */

/* Begin PBXFileReference section */
		180735A1263B040B00DD4C89 /* PhotoViewModel.swift */ = {isa = PBXFileReference; lastKnownFileType = sourcecode.swift; path = PhotoViewModel.swift; sourceTree = "<group>"; };
		180735A5263B0F2100DD4C89 /* Photo.swift */ = {isa = PBXFileReference; lastKnownFileType = sourcecode.swift; path = Photo.swift; sourceTree = "<group>"; };
		180735A9263B0FB600DD4C89 /* ViewControllerMVVM.swift */ = {isa = PBXFileReference; lastKnownFileType = sourcecode.swift; path = ViewControllerMVVM.swift; sourceTree = "<group>"; };
		180735AC263B11D000DD4C89 /* APIService.swift */ = {isa = PBXFileReference; lastKnownFileType = sourcecode.swift; path = APIService.swift; sourceTree = "<group>"; };
		180735AF263B1F4100DD4C89 /* PhotoCollectionViewDataSource.swift */ = {isa = PBXFileReference; lastKnownFileType = sourcecode.swift; path = PhotoCollectionViewDataSource.swift; sourceTree = "<group>"; };
		181E5B25262FFC460010C4D9 /* PhotoLoader.app */ = {isa = PBXFileReference; explicitFileType = wrapper.application; includeInIndex = 0; path = PhotoLoader.app; sourceTree = BUILT_PRODUCTS_DIR; };
		181E5B28262FFC460010C4D9 /* AppDelegate.swift */ = {isa = PBXFileReference; lastKnownFileType = sourcecode.swift; path = AppDelegate.swift; sourceTree = "<group>"; };
		181E5B2A262FFC460010C4D9 /* SceneDelegate.swift */ = {isa = PBXFileReference; lastKnownFileType = sourcecode.swift; path = SceneDelegate.swift; sourceTree = "<group>"; };
		181E5B2C262FFC460010C4D9 /* ViewController.swift */ = {isa = PBXFileReference; lastKnownFileType = sourcecode.swift; path = ViewController.swift; sourceTree = "<group>"; };
		181E5B2F262FFC460010C4D9 /* Base */ = {isa = PBXFileReference; lastKnownFileType = file.storyboard; name = Base; path = Base.lproj/Main.storyboard; sourceTree = "<group>"; };
		181E5B31262FFC5F0010C4D9 /* Assets.xcassets */ = {isa = PBXFileReference; lastKnownFileType = folder.assetcatalog; path = Assets.xcassets; sourceTree = "<group>"; };
		181E5B34262FFC5F0010C4D9 /* Base */ = {isa = PBXFileReference; lastKnownFileType = file.storyboard; name = Base; path = Base.lproj/LaunchScreen.storyboard; sourceTree = "<group>"; };
		181E5B36262FFC5F0010C4D9 /* Info.plist */ = {isa = PBXFileReference; lastKnownFileType = text.plist.xml; path = Info.plist; sourceTree = "<group>"; };
		181E5B3D262FFE3A0010C4D9 /* SelectedPhotoCell.swift */ = {isa = PBXFileReference; lastKnownFileType = sourcecode.swift; path = SelectedPhotoCell.swift; sourceTree = "<group>"; };
		181E5B40262FFEA20010C4D9 /* PhotoCollectionViewCell.swift */ = {isa = PBXFileReference; lastKnownFileType = sourcecode.swift; path = PhotoCollectionViewCell.swift; sourceTree = "<group>"; };
		185B4DE52638455E0059935C /* Model.swift */ = {isa = PBXFileReference; lastKnownFileType = sourcecode.swift; path = Model.swift; sourceTree = "<group>"; };
		185B4E3E2638805F0059935C /* GoogleService-Info.plist */ = {isa = PBXFileReference; fileEncoding = 4; lastKnownFileType = text.plist.xml; path = "GoogleService-Info.plist"; sourceTree = "<group>"; };
		37B33C2272608DE7DA2962F1 /* Pods-PhotoLoader.debug.xcconfig */ = {isa = PBXFileReference; includeInIndex = 1; lastKnownFileType = text.xcconfig; name = "Pods-PhotoLoader.debug.xcconfig"; path = "Target Support Files/Pods-PhotoLoader/Pods-PhotoLoader.debug.xcconfig"; sourceTree = "<group>"; };
		3A1B9D67B272B190F7A2060D /* Pods-PhotoLoader.release.xcconfig */ = {isa = PBXFileReference; includeInIndex = 1; lastKnownFileType = text.xcconfig; name = "Pods-PhotoLoader.release.xcconfig"; path = "Target Support Files/Pods-PhotoLoader/Pods-PhotoLoader.release.xcconfig"; sourceTree = "<group>"; };
		522BBAFD762DCEF073584516 /* Pods_PhotoLoader.framework */ = {isa = PBXFileReference; explicitFileType = wrapper.framework; includeInIndex = 0; path = Pods_PhotoLoader.framework; sourceTree = BUILT_PRODUCTS_DIR; };
/* End PBXFileReference section */

/* Begin PBXFrameworksBuildPhase section */
		181E5B22262FFC460010C4D9 /* Frameworks */ = {
			isa = PBXFrameworksBuildPhase;
			buildActionMask = 2147483647;
			files = (
				8425F4683CAA1A438847B19C /* Pods_PhotoLoader.framework in Frameworks */,
			);
			runOnlyForDeploymentPostprocessing = 0;
		};
/* End PBXFrameworksBuildPhase section */

/* Begin PBXGroup section */
		0C4AE91D35537C3F55B36909 /* Pods */ = {
			isa = PBXGroup;
			children = (
				37B33C2272608DE7DA2962F1 /* Pods-PhotoLoader.debug.xcconfig */,
				3A1B9D67B272B190F7A2060D /* Pods-PhotoLoader.release.xcconfig */,
			);
			path = Pods;
			sourceTree = "<group>";
		};
		180735A0263B03BF00DD4C89 /* MVVM */ = {
			isa = PBXGroup;
			children = (
				180735A1263B040B00DD4C89 /* PhotoViewModel.swift */,
				180735A5263B0F2100DD4C89 /* Photo.swift */,
				180735A9263B0FB600DD4C89 /* ViewControllerMVVM.swift */,
				180735AC263B11D000DD4C89 /* APIService.swift */,
				180735AF263B1F4100DD4C89 /* PhotoCollectionViewDataSource.swift */,
			);
			path = MVVM;
			sourceTree = "<group>";
		};
		181E5B1C262FFC450010C4D9 = {
			isa = PBXGroup;
			children = (
				181E5B27262FFC460010C4D9 /* PhotoLoader */,
				181E5B26262FFC460010C4D9 /* Products */,
				0C4AE91D35537C3F55B36909 /* Pods */,
				19EC5B6A342AD420122C3803 /* Frameworks */,
			);
			sourceTree = "<group>";
		};
		181E5B26262FFC460010C4D9 /* Products */ = {
			isa = PBXGroup;
			children = (
				181E5B25262FFC460010C4D9 /* PhotoLoader.app */,
			);
			name = Products;
			sourceTree = "<group>";
		};
		181E5B27262FFC460010C4D9 /* PhotoLoader */ = {
			isa = PBXGroup;
			children = (
				181E5B28262FFC460010C4D9 /* AppDelegate.swift */,
				181E5B2A262FFC460010C4D9 /* SceneDelegate.swift */,
				181E5B2C262FFC460010C4D9 /* ViewController.swift */,
				185B4DE52638455E0059935C /* Model.swift */,
				181E5B3D262FFE3A0010C4D9 /* SelectedPhotoCell.swift */,
				181E5B40262FFEA20010C4D9 /* PhotoCollectionViewCell.swift */,
				180735A0263B03BF00DD4C89 /* MVVM */,
				181E5B2E262FFC460010C4D9 /* Main.storyboard */,
				181E5B31262FFC5F0010C4D9 /* Assets.xcassets */,
				181E5B33262FFC5F0010C4D9 /* LaunchScreen.storyboard */,
				181E5B36262FFC5F0010C4D9 /* Info.plist */,
				185B4E3E2638805F0059935C /* GoogleService-Info.plist */,
			);
			path = PhotoLoader;
			sourceTree = "<group>";
		};
		19EC5B6A342AD420122C3803 /* Frameworks */ = {
			isa = PBXGroup;
			children = (
				522BBAFD762DCEF073584516 /* Pods_PhotoLoader.framework */,
			);
			name = Frameworks;
			sourceTree = "<group>";
		};
/* End PBXGroup section */

/* Begin PBXNativeTarget section */
		181E5B24262FFC460010C4D9 /* PhotoLoader */ = {
			isa = PBXNativeTarget;
			buildConfigurationList = 181E5B39262FFC600010C4D9 /* Build configuration list for PBXNativeTarget "PhotoLoader" */;
			buildPhases = (
				8A0DEF9B624BAA692571691A /* [CP] Check Pods Manifest.lock */,
				181E5B21262FFC460010C4D9 /* Sources */,
				181E5B22262FFC460010C4D9 /* Frameworks */,
				181E5B23262FFC460010C4D9 /* Resources */,
				98E4B25513A21016BB18BD94 /* [CP] Embed Pods Frameworks */,
			);
			buildRules = (
			);
			dependencies = (
			);
			name = PhotoLoader;
			productName = PhotoLoader;
			productReference = 181E5B25262FFC460010C4D9 /* PhotoLoader.app */;
			productType = "com.apple.product-type.application";
		};
/* End PBXNativeTarget section */

/* Begin PBXProject section */
		181E5B1D262FFC460010C4D9 /* Project object */ = {
			isa = PBXProject;
			attributes = {
				LastSwiftUpdateCheck = 1240;
				LastUpgradeCheck = 1240;
				TargetAttributes = {
					181E5B24262FFC460010C4D9 = {
						CreatedOnToolsVersion = 12.4;
					};
				};
			};
			buildConfigurationList = 181E5B20262FFC460010C4D9 /* Build configuration list for PBXProject "PhotoLoader" */;
			compatibilityVersion = "Xcode 9.3";
			developmentRegion = en;
			hasScannedForEncodings = 0;
			knownRegions = (
				en,
				Base,
			);
			mainGroup = 181E5B1C262FFC450010C4D9;
			productRefGroup = 181E5B26262FFC460010C4D9 /* Products */;
			projectDirPath = "";
			projectRoot = "";
			targets = (
				181E5B24262FFC460010C4D9 /* PhotoLoader */,
			);
		};
/* End PBXProject section */

/* Begin PBXResourcesBuildPhase section */
		181E5B23262FFC460010C4D9 /* Resources */ = {
			isa = PBXResourcesBuildPhase;
			buildActionMask = 2147483647;
			files = (
				181E5B35262FFC5F0010C4D9 /* LaunchScreen.storyboard in Resources */,
				185B4E3F2638805F0059935C /* GoogleService-Info.plist in Resources */,
				181E5B32262FFC5F0010C4D9 /* Assets.xcassets in Resources */,
				181E5B30262FFC460010C4D9 /* Main.storyboard in Resources */,
			);
			runOnlyForDeploymentPostprocessing = 0;
		};
/* End PBXResourcesBuildPhase section */

/* Begin PBXShellScriptBuildPhase section */
		8A0DEF9B624BAA692571691A /* [CP] Check Pods Manifest.lock */ = {
			isa = PBXShellScriptBuildPhase;
			buildActionMask = 2147483647;
			files = (
			);
			inputFileListPaths = (
			);
			inputPaths = (
				"${PODS_PODFILE_DIR_PATH}/Podfile.lock",
				"${PODS_ROOT}/Manifest.lock",
			);
			name = "[CP] Check Pods Manifest.lock";
			outputFileListPaths = (
			);
			outputPaths = (
				"$(DERIVED_FILE_DIR)/Pods-PhotoLoader-checkManifestLockResult.txt",
			);
			runOnlyForDeploymentPostprocessing = 0;
			shellPath = /bin/sh;
			shellScript = "diff \"${PODS_PODFILE_DIR_PATH}/Podfile.lock\" \"${PODS_ROOT}/Manifest.lock\" > /dev/null\nif [ $? != 0 ] ; then\n    # print error to STDERR\n    echo \"error: The sandbox is not in sync with the Podfile.lock. Run 'pod install' or update your CocoaPods installation.\" >&2\n    exit 1\nfi\n# This output is used by Xcode 'outputs' to avoid re-running this script phase.\necho \"SUCCESS\" > \"${SCRIPT_OUTPUT_FILE_0}\"\n";
			showEnvVarsInLog = 0;
		};
		98E4B25513A21016BB18BD94 /* [CP] Embed Pods Frameworks */ = {
			isa = PBXShellScriptBuildPhase;
			buildActionMask = 2147483647;
			files = (
			);
			inputFileListPaths = (
				"${PODS_ROOT}/Target Support Files/Pods-PhotoLoader/Pods-PhotoLoader-frameworks-${CONFIGURATION}-input-files.xcfilelist",
			);
			name = "[CP] Embed Pods Frameworks";
			outputFileListPaths = (
				"${PODS_ROOT}/Target Support Files/Pods-PhotoLoader/Pods-PhotoLoader-frameworks-${CONFIGURATION}-output-files.xcfilelist",
			);
			runOnlyForDeploymentPostprocessing = 0;
			shellPath = /bin/sh;
			shellScript = "\"${PODS_ROOT}/Target Support Files/Pods-PhotoLoader/Pods-PhotoLoader-frameworks.sh\"\n";
			showEnvVarsInLog = 0;
		};
/* End PBXShellScriptBuildPhase section */

/* Begin PBXSourcesBuildPhase section */
		181E5B21262FFC460010C4D9 /* Sources */ = {
			isa = PBXSourcesBuildPhase;
			buildActionMask = 2147483647;
			files = (
				180735A6263B0F2100DD4C89 /* Photo.swift in Sources */,
				180735AA263B0FB600DD4C89 /* ViewControllerMVVM.swift in Sources */,
				181E5B41262FFEA20010C4D9 /* PhotoCollectionViewCell.swift in Sources */,
				181E5B2D262FFC460010C4D9 /* ViewController.swift in Sources */,
				181E5B3E262FFE3A0010C4D9 /* SelectedPhotoCell.swift in Sources */,
				185B4DE62638455E0059935C /* Model.swift in Sources */,
				180735AD263B11D000DD4C89 /* APIService.swift in Sources */,
				180735A2263B040B00DD4C89 /* PhotoViewModel.swift in Sources */,
				180735B0263B1F4100DD4C89 /* PhotoCollectionViewDataSource.swift in Sources */,
				181E5B29262FFC460010C4D9 /* AppDelegate.swift in Sources */,
				181E5B2B262FFC460010C4D9 /* SceneDelegate.swift in Sources */,
			);
			runOnlyForDeploymentPostprocessing = 0;
		};
/* End PBXSourcesBuildPhase section */

/* Begin PBXVariantGroup section */
		181E5B2E262FFC460010C4D9 /* Main.storyboard */ = {
			isa = PBXVariantGroup;
			children = (
				181E5B2F262FFC460010C4D9 /* Base */,
			);
			name = Main.storyboard;
			sourceTree = "<group>";
		};
		181E5B33262FFC5F0010C4D9 /* LaunchScreen.storyboard */ = {
			isa = PBXVariantGroup;
			children = (
				181E5B34262FFC5F0010C4D9 /* Base */,
			);
			name = LaunchScreen.storyboard;
			sourceTree = "<group>";
		};
/* End PBXVariantGroup section */

/* Begin XCBuildConfiguration section */
		181E5B37262FFC5F0010C4D9 /* Debug */ = {
			isa = XCBuildConfiguration;
			buildSettings = {
				ALWAYS_SEARCH_USER_PATHS = NO;
				CLANG_ANALYZER_NONNULL = YES;
				CLANG_ANALYZER_NUMBER_OBJECT_CONVERSION = YES_AGGRESSIVE;
				CLANG_CXX_LANGUAGE_STANDARD = "gnu++14";
				CLANG_CXX_LIBRARY = "libc++";
				CLANG_ENABLE_MODULES = YES;
				CLANG_ENABLE_OBJC_ARC = YES;
				CLANG_ENABLE_OBJC_WEAK = YES;
				CLANG_WARN_BLOCK_CAPTURE_AUTORELEASING = YES;
				CLANG_WARN_BOOL_CONVERSION = YES;
				CLANG_WARN_COMMA = YES;
				CLANG_WARN_CONSTANT_CONVERSION = YES;
				CLANG_WARN_DEPRECATED_OBJC_IMPLEMENTATIONS = YES;
				CLANG_WARN_DIRECT_OBJC_ISA_USAGE = YES_ERROR;
				CLANG_WARN_DOCUMENTATION_COMMENTS = YES;
				CLANG_WARN_EMPTY_BODY = YES;
				CLANG_WARN_ENUM_CONVERSION = YES;
				CLANG_WARN_INFINITE_RECURSION = YES;
				CLANG_WARN_INT_CONVERSION = YES;
				CLANG_WARN_NON_LITERAL_NULL_CONVERSION = YES;
				CLANG_WARN_OBJC_IMPLICIT_RETAIN_SELF = YES;
				CLANG_WARN_OBJC_LITERAL_CONVERSION = YES;
				CLANG_WARN_OBJC_ROOT_CLASS = YES_ERROR;
				CLANG_WARN_QUOTED_INCLUDE_IN_FRAMEWORK_HEADER = YES;
				CLANG_WARN_RANGE_LOOP_ANALYSIS = YES;
				CLANG_WARN_STRICT_PROTOTYPES = YES;
				CLANG_WARN_SUSPICIOUS_MOVE = YES;
				CLANG_WARN_UNGUARDED_AVAILABILITY = YES_AGGRESSIVE;
				CLANG_WARN_UNREACHABLE_CODE = YES;
				CLANG_WARN__DUPLICATE_METHOD_MATCH = YES;
				COPY_PHASE_STRIP = NO;
				DEBUG_INFORMATION_FORMAT = dwarf;
				ENABLE_STRICT_OBJC_MSGSEND = YES;
				ENABLE_TESTABILITY = YES;
				GCC_C_LANGUAGE_STANDARD = gnu11;
				GCC_DYNAMIC_NO_PIC = NO;
				GCC_NO_COMMON_BLOCKS = YES;
				GCC_OPTIMIZATION_LEVEL = 0;
				GCC_PREPROCESSOR_DEFINITIONS = (
					"DEBUG=1",
					"$(inherited)",
				);
				GCC_WARN_64_TO_32_BIT_CONVERSION = YES;
				GCC_WARN_ABOUT_RETURN_TYPE = YES_ERROR;
				GCC_WARN_UNDECLARED_SELECTOR = YES;
				GCC_WARN_UNINITIALIZED_AUTOS = YES_AGGRESSIVE;
				GCC_WARN_UNUSED_FUNCTION = YES;
				GCC_WARN_UNUSED_VARIABLE = YES;
				IPHONEOS_DEPLOYMENT_TARGET = 14.4;
				MTL_ENABLE_DEBUG_INFO = INCLUDE_SOURCE;
				MTL_FAST_MATH = YES;
				ONLY_ACTIVE_ARCH = YES;
				SDKROOT = iphoneos;
				SWIFT_ACTIVE_COMPILATION_CONDITIONS = DEBUG;
				SWIFT_OPTIMIZATION_LEVEL = "-Onone";
			};
			name = Debug;
		};
		181E5B38262FFC5F0010C4D9 /* Release */ = {
			isa = XCBuildConfiguration;
			buildSettings = {
				ALWAYS_SEARCH_USER_PATHS = NO;
				CLANG_ANALYZER_NONNULL = YES;
				CLANG_ANALYZER_NUMBER_OBJECT_CONVERSION = YES_AGGRESSIVE;
				CLANG_CXX_LANGUAGE_STANDARD = "gnu++14";
				CLANG_CXX_LIBRARY = "libc++";
				CLANG_ENABLE_MODULES = YES;
				CLANG_ENABLE_OBJC_ARC = YES;
				CLANG_ENABLE_OBJC_WEAK = YES;
				CLANG_WARN_BLOCK_CAPTURE_AUTORELEASING = YES;
				CLANG_WARN_BOOL_CONVERSION = YES;
				CLANG_WARN_COMMA = YES;
				CLANG_WARN_CONSTANT_CONVERSION = YES;
				CLANG_WARN_DEPRECATED_OBJC_IMPLEMENTATIONS = YES;
				CLANG_WARN_DIRECT_OBJC_ISA_USAGE = YES_ERROR;
				CLANG_WARN_DOCUMENTATION_COMMENTS = YES;
				CLANG_WARN_EMPTY_BODY = YES;
				CLANG_WARN_ENUM_CONVERSION = YES;
				CLANG_WARN_INFINITE_RECURSION = YES;
				CLANG_WARN_INT_CONVERSION = YES;
				CLANG_WARN_NON_LITERAL_NULL_CONVERSION = YES;
				CLANG_WARN_OBJC_IMPLICIT_RETAIN_SELF = YES;
				CLANG_WARN_OBJC_LITERAL_CONVERSION = YES;
				CLANG_WARN_OBJC_ROOT_CLASS = YES_ERROR;
				CLANG_WARN_QUOTED_INCLUDE_IN_FRAMEWORK_HEADER = YES;
				CLANG_WARN_RANGE_LOOP_ANALYSIS = YES;
				CLANG_WARN_STRICT_PROTOTYPES = YES;
				CLANG_WARN_SUSPICIOUS_MOVE = YES;
				CLANG_WARN_UNGUARDED_AVAILABILITY = YES_AGGRESSIVE;
				CLANG_WARN_UNREACHABLE_CODE = YES;
				CLANG_WARN__DUPLICATE_METHOD_MATCH = YES;
				COPY_PHASE_STRIP = NO;
				DEBUG_INFORMATION_FORMAT = "dwarf-with-dsym";
				ENABLE_NS_ASSERTIONS = NO;
				ENABLE_STRICT_OBJC_MSGSEND = YES;
				GCC_C_LANGUAGE_STANDARD = gnu11;
				GCC_NO_COMMON_BLOCKS = YES;
				GCC_WARN_64_TO_32_BIT_CONVERSION = YES;
				GCC_WARN_ABOUT_RETURN_TYPE = YES_ERROR;
				GCC_WARN_UNDECLARED_SELECTOR = YES;
				GCC_WARN_UNINITIALIZED_AUTOS = YES_AGGRESSIVE;
				GCC_WARN_UNUSED_FUNCTION = YES;
				GCC_WARN_UNUSED_VARIABLE = YES;
				IPHONEOS_DEPLOYMENT_TARGET = 14.4;
				MTL_ENABLE_DEBUG_INFO = NO;
				MTL_FAST_MATH = YES;
				SDKROOT = iphoneos;
				SWIFT_COMPILATION_MODE = wholemodule;
				SWIFT_OPTIMIZATION_LEVEL = "-O";
				VALIDATE_PRODUCT = YES;
			};
			name = Release;
		};
		181E5B3A262FFC600010C4D9 /* Debug */ = {
			isa = XCBuildConfiguration;
			baseConfigurationReference = 37B33C2272608DE7DA2962F1 /* Pods-PhotoLoader.debug.xcconfig */;
			buildSettings = {
				ASSETCATALOG_COMPILER_APPICON_NAME = AppIcon;
				ASSETCATALOG_COMPILER_GLOBAL_ACCENT_COLOR_NAME = AccentColor;
				CODE_SIGN_STYLE = Automatic;
				INFOPLIST_FILE = PhotoLoader/Info.plist;
				LD_RUNPATH_SEARCH_PATHS = (
					"$(inherited)",
					"@executable_path/Frameworks",
				);
				PRODUCT_BUNDLE_IDENTIFIER = il.co.hyperactive.PhotoLoader;
				PRODUCT_NAME = "$(TARGET_NAME)";
				SWIFT_VERSION = 5.0;
				TARGETED_DEVICE_FAMILY = "1,2";
			};
			name = Debug;
		};
		181E5B3B262FFC600010C4D9 /* Release */ = {
			isa = XCBuildConfiguration;
			baseConfigurationReference = 3A1B9D67B272B190F7A2060D /* Pods-PhotoLoader.release.xcconfig */;
			buildSettings = {
				ASSETCATALOG_COMPILER_APPICON_NAME = AppIcon;
				ASSETCATALOG_COMPILER_GLOBAL_ACCENT_COLOR_NAME = AccentColor;
				CODE_SIGN_STYLE = Automatic;
				INFOPLIST_FILE = PhotoLoader/Info.plist;
				LD_RUNPATH_SEARCH_PATHS = (
					"$(inherited)",
					"@executable_path/Frameworks",
				);
				PRODUCT_BUNDLE_IDENTIFIER = il.co.hyperactive.PhotoLoader;
				PRODUCT_NAME = "$(TARGET_NAME)";
				SWIFT_VERSION = 5.0;
				TARGETED_DEVICE_FAMILY = "1,2";
			};
			name = Release;
		};
/* End XCBuildConfiguration section */

/* Begin XCConfigurationList section */
		181E5B20262FFC460010C4D9 /* Build configuration list for PBXProject "PhotoLoader" */ = {
			isa = XCConfigurationList;
			buildConfigurations = (
				181E5B37262FFC5F0010C4D9 /* Debug */,
				181E5B38262FFC5F0010C4D9 /* Release */,
			);
			defaultConfigurationIsVisible = 0;
			defaultConfigurationName = Release;
		};
		181E5B39262FFC600010C4D9 /* Build configuration list for PBXNativeTarget "PhotoLoader" */ = {
			isa = XCConfigurationList;
			buildConfigurations = (
				181E5B3A262FFC600010C4D9 /* Debug */,
				181E5B3B262FFC600010C4D9 /* Release */,
			);
			defaultConfigurationIsVisible = 0;
			defaultConfigurationName = Release;
		};
/* End XCConfigurationList section */
	};
	rootObject = 181E5B1D262FFC460010C4D9 /* Project object */;
}
